
Microsoft Visual Studio Solution File, Format Version 12.00
# Visual Studio Version 16
VisualStudioVersion = 25.0.1706.12
MinimumVisualStudioVersion = 10.0.40219.1
Project("{FAE04EC0-301F-11D3-BF4B-00C04F79EFBC}") = "backend", "backend.csproj", "{7B68BD0E-8849-473A-9E09-5AEDEEE0A858}"
EndProject
Global
	GlobalSection(SolutionConfigurationPlatforms) = preSolution
		Debug|Any CPU = Debug|Any CPU
		Release|Any CPU = Release|Any CPU
	EndGlobalSection
	GlobalSection(ProjectConfigurationPlatforms) = postSolution
		{7B68BD0E-8849-473A-9E09-5AEDEEE0A858}.Debug|Any CPU.ActiveCfg = Debug|Any CPU
		{7B68BD0E-8849-473A-9E09-5AEDEEE0A858}.Debug|Any CPU.Build.0 = Debug|Any CPU
		{7B68BD0E-8849-473A-9E09-5AEDEEE0A858}.Release|Any CPU.ActiveCfg = Release|Any CPU
		{7B68BD0E-8849-473A-9E09-5AEDEEE0A858}.Release|Any CPU.Build.0 = Release|Any CPU
	EndGlobalSection
	GlobalSection(SolutionProperties) = preSolution
		HideSolutionNode = FALSE
	EndGlobalSection
	GlobalSection(ExtensibilityGlobals) = postSolution
		SolutionGuid = {1B3CCD2A-5AFF-4427-9BD3-C532877AFB2A}
	EndGlobalSection
EndGlobal
